
Microsoft Visual Studio Solution File, Format Version 12.00
# Visual Studio Version 17
VisualStudioVersion = 17.0.32112.339
MinimumVisualStudioVersion = 10.0.40219.1
Project("{FAE04EC0-301F-11D3-BF4B-00C04F79EFBC}") = "DiscreteMathCursovaya", "DiscreteMathCursovaya\DiscreteMathCursovaya.csproj", "{0F4A9590-2FA3-4FA4-BF83-F01BA332F970}"
EndProject
Global
	GlobalSection(SolutionConfigurationPlatforms) = preSolution
		Debug|Any CPU = Debug|Any CPU
		Release|Any CPU = Release|Any CPU
	EndGlobalSection
	GlobalSection(ProjectConfigurationPlatforms) = postSolution
		{0F4A9590-2FA3-4FA4-BF83-F01BA332F970}.Debug|Any CPU.ActiveCfg = Debug|Any CPU
		{0F4A9590-2FA3-4FA4-BF83-F01BA332F970}.Debug|Any CPU.Build.0 = Debug|Any CPU
		{0F4A9590-2FA3-4FA4-BF83-F01BA332F970}.Release|Any CPU.ActiveCfg = Release|Any CPU
		{0F4A9590-2FA3-4FA4-BF83-F01BA332F970}.Release|Any CPU.Build.0 = Release|Any CPU
	EndGlobalSection
	GlobalSection(SolutionProperties) = preSolution
		HideSolutionNode = FALSE
	EndGlobalSection
	GlobalSection(ExtensibilityGlobals) = postSolution
		SolutionGuid = {707EF19C-60AB-403B-B527-2D822FE766B3}
	EndGlobalSection
EndGlobal
